<?xml version="1.0" encoding="utf-8"?>
<Project ToolsVersion="4.0" xmlns="http://schemas.microsoft.com/developer/msbuild/2003">
  <ItemGroup>
    <Filter Include="Source Files">
      <UniqueIdentifier>{4FC737F1-C7A5-4376-A066-2A32D752A2FF}</UniqueIdentifier>
      <Extensions>cpp;c;cc;cxx;def;odl;idl;hpj;bat;asm;asmx</Extensions>
    </Filter>
    <Filter Include="External">
      <UniqueIdentifier>{5a92388e-f261-40fc-b6c9-f21a72e55d5c}</UniqueIdentifier>
    </Filter>
    <Filter Include="Definitions">
      <UniqueIdentifier>{6a808ce4-b7bc-4958-aa27-ca149bcd0323}</UniqueIdentifier>
    </Filter>
    <Filter Include="Definitions\Config">
      <UniqueIdentifier>{662c6d3a-496f-4924-bd1f-5b768eff7644}</UniqueIdentifier>
    </Filter>
    <Filter Include="Definitions\Image">
      <UniqueIdentifier>{3c45df71-1f8a-472f-b63b-295d140b3b0f}</UniqueIdentifier>
    </Filter>
    <Filter Include="Definitions\Random">
      <UniqueIdentifier>{6aca61fb-55ff-4e1b-9c81-e52acc71878c}</UniqueIdentifier>
    </Filter>
    <Filter Include="Definitions\Engine">
      <UniqueIdentifier>{9c896cca-0a8f-4f22-944d-3122b7cfc57c}</UniqueIdentifier>
    </Filter>
  </ItemGroup>
  <ItemGroup>
    <ClCompile Include="Definitions\Config\Config.cpp">
      <Filter>Definitions\Config</Filter>
    </ClCompile>
    <ClCompile Include="Definitions\Image\BMP.cpp">
      <Filter>Definitions\Image</Filter>
    </ClCompile>
    <ClCompile Include="Definitions\Image\Color.cpp">
      <Filter>Definitions\Image</Filter>
    </ClCompile>
    <ClCompile Include="Definitions\Random\Randomness.cpp">
      <Filter>Definitions\Random</Filter>
    </ClCompile>
    <ClCompile Include="main.cpp">
      <Filter>Source Files</Filter>
    </ClCompile>
    <ClCompile Include="Engine\Board.cpp">
      <Filter>Definitions\Engine</Filter>
    </ClCompile>
    <ClCompile Include="Engine\PathFinder.cpp">
      <Filter>Definitions\Engine</Filter>
    </ClCompile>
  </ItemGroup>
  <ItemGroup>
    <ClInclude Include="Definitions\Config\Config.h">
      <Filter>Definitions\Config</Filter>
    </ClInclude>
    <ClInclude Include="Definitions\Image\BMP.h">
      <Filter>Definitions\Image</Filter>
    </ClInclude>
    <ClInclude Include="Definitions\Image\Color.h">
      <Filter>Definitions\Image</Filter>
    </ClInclude>
    <ClInclude Include="Definitions\Random\Randomness.h">
      <Filter>Definitions\Random</Filter>
    </ClInclude>
    <ClInclude Include="Engine\Board.h">
      <Filter>Definitions\Engine</Filter>
    </ClInclude>
    <ClInclude Include="Engine\PathFinder.h">
      <Filter>Definitions\Engine</Filter>
    </ClInclude>
  </ItemGroup>
  <ItemGroup>
    <Text Include="External Files\Config.txt">
      <Filter>External</Filter>
    </Text>
  </ItemGroup>
</Project>